
Microsoft Visual Studio Solution File, Format Version 12.00
# Visual Studio Version 16
VisualStudioVersion = 16.0.29509.3
MinimumVisualStudioVersion = 10.0.40219.1
Project("{FAE04EC0-301F-11D3-BF4B-00C04F79EFBC}") = "Retirement", "Retirement\Retirement.csproj", "{BC80C10C-6BFD-4EBA-86C7-24854D4590A2}"
EndProject
Project("{FAE04EC0-301F-11D3-BF4B-00C04F79EFBC}") = "StringFunctionalities", "StringFunctionalities\StringFunctionalities.csproj", "{1A051452-5239-4A1F-B501-66223943A059}"
EndProject
Global
	GlobalSection(SolutionConfigurationPlatforms) = preSolution
		Debug|Any CPU = Debug|Any CPU
		Release|Any CPU = Release|Any CPU
	EndGlobalSection
	GlobalSection(ProjectConfigurationPlatforms) = postSolution
		{BC80C10C-6BFD-4EBA-86C7-24854D4590A2}.Debug|Any CPU.ActiveCfg = Debug|Any CPU
		{BC80C10C-6BFD-4EBA-86C7-24854D4590A2}.Debug|Any CPU.Build.0 = Debug|Any CPU
		{BC80C10C-6BFD-4EBA-86C7-24854D4590A2}.Release|Any CPU.ActiveCfg = Release|Any CPU
		{BC80C10C-6BFD-4EBA-86C7-24854D4590A2}.Release|Any CPU.Build.0 = Release|Any CPU
		{1A051452-5239-4A1F-B501-66223943A059}.Debug|Any CPU.ActiveCfg = Debug|Any CPU
		{1A051452-5239-4A1F-B501-66223943A059}.Debug|Any CPU.Build.0 = Debug|Any CPU
		{1A051452-5239-4A1F-B501-66223943A059}.Release|Any CPU.ActiveCfg = Release|Any CPU
		{1A051452-5239-4A1F-B501-66223943A059}.Release|Any CPU.Build.0 = Release|Any CPU
	EndGlobalSection
	GlobalSection(SolutionProperties) = preSolution
		HideSolutionNode = FALSE
	EndGlobalSection
	GlobalSection(ExtensibilityGlobals) = postSolution
		SolutionGuid = {3D1CB6C1-F170-43B0-A64E-693BA3832D24}
	EndGlobalSection
EndGlobal
